
Microsoft Visual Studio Solution File, Format Version 12.00
# Visual Studio 15
VisualStudioVersion = 15.0.27703.2035
MinimumVisualStudioVersion = 10.0.40219.1
Project("{FAE04EC0-301F-11D3-BF4B-00C04F79EFBC}") = "Fa.Common", "Fa.Common\Fa.Common.csproj", "{2EB03EF5-BFB9-48D3-BCD0-B6AAC0CFA302}"
EndProject
Project("{FAE04EC0-301F-11D3-BF4B-00C04F79EFBC}") = "Fa.Model", "Fa.Model\Fa.Model.csproj", "{123480C8-5D26-437F-8565-425F9713EEE5}"
EndProject
Project("{FAE04EC0-301F-11D3-BF4B-00C04F79EFBC}") = "Fa.Service", "Fa.Service\Fa.Service.csproj", "{AA679030-3906-4528-901B-B4F9692656D4}"
EndProject
Project("{FAE04EC0-301F-11D3-BF4B-00C04F79EFBC}") = "Fa.DataAccessLayer", "Fa.DataAccessLayer\Fa.DataAccessLayer.csproj", "{874B309E-5C7D-4892-A7AB-BB03047AF4CA}"
EndProject
Project("{FAE04EC0-301F-11D3-BF4B-00C04F79EFBC}") = "Fa.Presentation", "Fa.Presentation\Fa.Presentation.csproj", "{BD4D4AFA-E344-4E4D-BBE1-2750CD5BFB21}"
EndProject
Global
	GlobalSection(SolutionConfigurationPlatforms) = preSolution
		Debug|Any CPU = Debug|Any CPU
		Release|Any CPU = Release|Any CPU
	EndGlobalSection
	GlobalSection(ProjectConfigurationPlatforms) = postSolution
		{2EB03EF5-BFB9-48D3-BCD0-B6AAC0CFA302}.Debug|Any CPU.ActiveCfg = Debug|Any CPU
		{2EB03EF5-BFB9-48D3-BCD0-B6AAC0CFA302}.Debug|Any CPU.Build.0 = Debug|Any CPU
		{2EB03EF5-BFB9-48D3-BCD0-B6AAC0CFA302}.Release|Any CPU.ActiveCfg = Release|Any CPU
		{2EB03EF5-BFB9-48D3-BCD0-B6AAC0CFA302}.Release|Any CPU.Build.0 = Release|Any CPU
		{123480C8-5D26-437F-8565-425F9713EEE5}.Debug|Any CPU.ActiveCfg = Debug|Any CPU
		{123480C8-5D26-437F-8565-425F9713EEE5}.Debug|Any CPU.Build.0 = Debug|Any CPU
		{123480C8-5D26-437F-8565-425F9713EEE5}.Release|Any CPU.ActiveCfg = Release|Any CPU
		{123480C8-5D26-437F-8565-425F9713EEE5}.Release|Any CPU.Build.0 = Release|Any CPU
		{AA679030-3906-4528-901B-B4F9692656D4}.Debug|Any CPU.ActiveCfg = Debug|Any CPU
		{AA679030-3906-4528-901B-B4F9692656D4}.Debug|Any CPU.Build.0 = Debug|Any CPU
		{AA679030-3906-4528-901B-B4F9692656D4}.Release|Any CPU.ActiveCfg = Release|Any CPU
		{AA679030-3906-4528-901B-B4F9692656D4}.Release|Any CPU.Build.0 = Release|Any CPU
		{874B309E-5C7D-4892-A7AB-BB03047AF4CA}.Debug|Any CPU.ActiveCfg = Debug|Any CPU
		{874B309E-5C7D-4892-A7AB-BB03047AF4CA}.Debug|Any CPU.Build.0 = Debug|Any CPU
		{874B309E-5C7D-4892-A7AB-BB03047AF4CA}.Release|Any CPU.ActiveCfg = Release|Any CPU
		{874B309E-5C7D-4892-A7AB-BB03047AF4CA}.Release|Any CPU.Build.0 = Release|Any CPU
		{BD4D4AFA-E344-4E4D-BBE1-2750CD5BFB21}.Debug|Any CPU.ActiveCfg = Debug|Any CPU
		{BD4D4AFA-E344-4E4D-BBE1-2750CD5BFB21}.Debug|Any CPU.Build.0 = Debug|Any CPU
		{BD4D4AFA-E344-4E4D-BBE1-2750CD5BFB21}.Release|Any CPU.ActiveCfg = Release|Any CPU
		{BD4D4AFA-E344-4E4D-BBE1-2750CD5BFB21}.Release|Any CPU.Build.0 = Release|Any CPU
	EndGlobalSection
	GlobalSection(SolutionProperties) = preSolution
		HideSolutionNode = FALSE
	EndGlobalSection
	GlobalSection(ExtensibilityGlobals) = postSolution
		SolutionGuid = {19803144-790F-404B-95D7-1454EF38F331}
	EndGlobalSection
EndGlobal
